{
  "requires": true,
  "lockfileVersion": 1,
  "dependencies": {
    "create-next-app": {
      "version": "10.1.3",
      "resolved": "https://registry.npmjs.org/create-next-app/-/create-next-app-10.1.3.tgz",
      "integrity": "sha512-PmWrLlVrIcKXSb6KgNyQibqNh0/xU44/k5tXiZR9eWO1mz8NFOWkhNS6ZDUc6gr6U1Y82qURXXrlncr8M0+ZEQ=="
    }
  }
}
